version: 7
platforms:
- name: osx-64
  virtual-packages:
  - __unix=0=0
  - __osx=13.0
  - __archspec=0=x86_64
environments:
  admin:
    channels:
    - url: https://conda.anaconda.org/conda-forge/
    packages:
      osx-64:
      - conda: https://conda.anaconda.org/conda-forge/osx-64/_openmp_mutex-4.5-8_kmp_llvm.conda
      - conda: https://conda.anaconda.org/conda-forge/osx-64/go-1.27.1-cgo_hda7c99f_5.conda
      - conda: https://conda.anaconda.org/conda-forge/osx-64/hugo-0.165.0-hcd025d3_0.conda
      - conda: https://conda.anaconda.org/conda-forge/osx-64/libcxx-23.1.1-h19cb2f5_0.conda
      - conda: https://conda.anaconda.org/conda-forge/osx-64/libgcc-16.2.0-h13771c8_4.conda
      - conda: https://conda.anaconda.org/conda-forge/osx-64/libgfortran-16.2.0-h7e5c614_4.conda
      - conda: https://conda.anaconda.org/conda-forge/osx-64/libgfortran5-16.2.0-h2539e6c_4.conda
      - conda: https://conda.anaconda.org/conda-forge/osx-64/llvm-openmp-23.1.1-h8c1e6b9_0.conda
      - conda: https://conda.anaconda.org/conda-forge/osx-64/opentofu-1.12.6-h5839d16_0.conda
  default:
    channels:
    - url: https://conda.anaconda.org/conda-forge/
    packages:
      osx-64:
      - conda: https://conda.anaconda.org/conda-forge/osx-64/_openmp_mutex-4.5-8_kmp_llvm.conda
      - conda: https://conda.anaconda.org/conda-forge/osx-64/go-1.27.1-cgo_hda7c99f_5.conda
      - conda: https://conda.anaconda.org/conda-forge/osx-64/hugo-0.165.0-hcd025d3_0.conda
      - conda: https://conda.anaconda.org/conda-forge/osx-64/libcxx-23.1.1-h19cb2f5_0.conda
      - conda: https://conda.anaconda.org/conda-forge/osx-64/libgcc-16.2.0-h13771c8_4.conda
      - conda: https://conda.anaconda.org/conda-forge/osx-64/libgfortran-16.2.0-h7e5c614_4.conda
      - conda: https://conda.anaconda.org/conda-forge/osx-64/libgfortran5-16.2.0-h2539e6c_4.conda
      - conda: https://conda.anaconda.org/conda-forge/osx-64/llvm-openmp-23.1.1-h8c1e6b9_0.conda
packages:
- conda: https://conda.anaconda.org/conda-forge/osx-64/_openmp_mutex-4.5-8_kmp_llvm.conda
  build_number: 8
  sha256: 09ba32614a1512b729e3cb608b0714c24654f37b5d0f8239bdb77d7be0ede4f7
  md5: b9e2e7fcf1926cedbdb216a6974d67e3
  depends:
  - llvm-openmp >=9.0.1
  license: BSD-3-Clause
  license_family: BSD
  run_exports:
    weak:
    - _openmp_mutex >=4.5
  size: 8002
  timestamp: 1788046683209
- conda: https://conda.anaconda.org/conda-forge/osx-64/go-1.27.1-cgo_hda7c99f_5.conda
  sha256: 5a2fda84325521d7ad986bf849e7b0c7ddfb8a22617ebf4983da5a6283f04bfb
  md5: 55058e188aa91ba7b9506aea6789686a
  depends:
  - __osx >=13.0
  - libcxx >=21
  - libgfortran5 >=15.3.0
  - libgfortran
  - libgcc >=15
  constrains:
  - _go_select <0.0a0
  - clang_osx-64 21.*
  - clangxx_osx-64 21.*
  - gfortran_osx-64 15.*
  license: BSD-3-Clause
  license_family: BSD
  run_exports:
    strong:
    - __osx >=12
  size: 60611553
  timestamp: 1788892666330
- conda: https://conda.anaconda.org/conda-forge/osx-64/hugo-0.165.0-hcd025d3_0.conda
  sha256: 369c9d5d6dc26f6d4dd5f72c040bddac36b754f05fa5a0a232b91e4a9228c499
  md5: 5274d39229b525665c4c9aa341bc2141
  depends:
  - __osx >=12.3
  - libcxx >=21
  constrains:
  - __osx>=10.12
  license: Apache-2.0
  license_family: APACHE
  run_exports: {}
  size: 19159770
  timestamp: 1787313853718
- conda: https://conda.anaconda.org/conda-forge/osx-64/libcxx-23.1.1-h19cb2f5_0.conda
  sha256: b702c638bb8f0c6f0a5dd6941e77ca2309b73cd4e575d34b4c5b8e4d01996ccc
  md5: 23a540fb2961933d47ad411c9a679385
  depends:
  - __osx >=11.0
  license: Apache-2.0 WITH LLVM-exception
  license_family: Apache
  run_exports: {}
  size: 572932
  timestamp: 1788869719775
- conda: https://conda.anaconda.org/conda-forge/osx-64/libgcc-16.2.0-h13771c8_4.conda
  sha256: 28a03bad58ff5b9e560c66f1b2d89384db93e9ed470c0a7d3a80f2166ed35268
  md5: fb1dd570751271b86cb17aee0bc39c48
  depends:
  - _openmp_mutex
  constrains:
  - libgcc-ng ==16.2.0=*_4
  - libgomp 16.2.0 4
  license: GPL-3.0-only WITH GCC-exception-3.1
  license_family: GPL
  run_exports: {}
  size: 391885
  timestamp: 1787620487885
- conda: https://conda.anaconda.org/conda-forge/osx-64/libgfortran-16.2.0-h7e5c614_4.conda
  sha256: a596fa89c4b1e0d3743d76bf18df31d2bf3317cb4a4391d5877e1a3e8eaaa4d0
  md5: ca9281db8c52184ade04b615b2f3959d
  depends:
  - libgfortran5 16.2.0 h2539e6c_4
  constrains:
  - libgfortran-ng ==16.2.0=*_4
  license: GPL-3.0-only WITH GCC-exception-3.1
  license_family: GPL
  run_exports: {}
  size: 99889
  timestamp: 1787620657491
- conda: https://conda.anaconda.org/conda-forge/osx-64/libgfortran5-16.2.0-h2539e6c_4.conda
  sha256: f566ced21e65d05acfce2b451d48bbe232398b5d57e87ff5d28b9f25b1bbe79b
  md5: eaabc48679544820bef810523a703bf0
  depends:
  - libgcc >=16.2.0
  constrains:
  - libgfortran 16.2.0
  license: GPL-3.0-only WITH GCC-exception-3.1
  license_family: GPL
  run_exports: {}
  size: 1023927
  timestamp: 1787620495339
- conda: https://conda.anaconda.org/conda-forge/osx-64/llvm-openmp-23.1.1-h8c1e6b9_0.conda
  sha256: ac87d794db0d8dfbb784d2c4d278f534d2633de620d2bff7bf99b54677dfd1c6
  md5: 6b4f99617d54ef2ae46c85834e747712
  depends:
  - __osx >=11.0
  constrains:
  - intel-openmp <0.0a0
  - openmp 23.1.1|23.1.1.*
  license: Apache-2.0 WITH LLVM-exception
  run_exports:
    strong:
    - llvm-openmp >=23.1.1
  size: 311965
  timestamp: 1788968509598
- conda: https://conda.anaconda.org/conda-forge/osx-64/opentofu-1.12.6-h5839d16_0.conda
  sha256: c59bcefd55944400999186fa3a06de7ed1e5a79fdf866a864f7dc57f099452e0
  md5: 60413d86a2242872e5dc66961049618d
  constrains:
  - __osx >=10.12
  license: MPL-2.0
  license_family: MOZILLA
  run_exports: {}
  size: 31805270
  timestamp: 1787142039857
